// !$*UTF8*$!
{
	archiveVersion = 1;
	classes = {
	};
	objectVersion = 50;
	objects = {

/* Begin PBXBuildFile section */
		0119089726FC170400EDA793 /* RefrigeratorBucketView.swift in Sources */ = {isa = PBXBuildFile; fileRef = 0119089626FC170400EDA793 /* RefrigeratorBucketView.swift */; };
		0119089826FC170400EDA793 /* RefrigeratorBucketView.swift in Sources */ = {isa = PBXBuildFile; fileRef = 0119089626FC170400EDA793 /* RefrigeratorBucketView.swift */; };
		0119089926FC170400EDA793 /* RefrigeratorBucketView.swift in Sources */ = {isa = PBXBuildFile; fileRef = 0119089626FC170400EDA793 /* RefrigeratorBucketView.swift */; };
		0119089B26FC173D00EDA793 /* RefrigeratorBucketModel.swift in Sources */ = {isa = PBXBuildFile; fileRef = 0119089A26FC173D00EDA793 /* RefrigeratorBucketModel.swift */; };
		0119089C26FC173D00EDA793 /* RefrigeratorBucketModel.swift in Sources */ = {isa = PBXBuildFile; fileRef = 0119089A26FC173D00EDA793 /* RefrigeratorBucketModel.swift */; };
		0119089D26FC173D00EDA793 /* RefrigeratorBucketModel.swift in Sources */ = {isa = PBXBuildFile; fileRef = 0119089A26FC173D00EDA793 /* RefrigeratorBucketModel.swift */; };
		011908A026FC189500EDA793 /* MainView.swift in Sources */ = {isa = PBXBuildFile; fileRef = 0119089F26FC189500EDA793 /* MainView.swift */; };
		011908A126FC189500EDA793 /* MainView.swift in Sources */ = {isa = PBXBuildFile; fileRef = 0119089F26FC189500EDA793 /* MainView.swift */; };
		011908A226FC189500EDA793 /* MainView.swift in Sources */ = {isa = PBXBuildFile; fileRef = 0119089F26FC189500EDA793 /* MainView.swift */; };
		011908A526FC279800EDA793 /* PopupView.swift in Sources */ = {isa = PBXBuildFile; fileRef = 011908A426FC279800EDA793 /* PopupView.swift */; };
		011908A626FC279800EDA793 /* PopupView.swift in Sources */ = {isa = PBXBuildFile; fileRef = 011908A426FC279800EDA793 /* PopupView.swift */; };
		011908A726FC279800EDA793 /* PopupView.swift in Sources */ = {isa = PBXBuildFile; fileRef = 011908A426FC279800EDA793 /* PopupView.swift */; };
		011908A926FC97DB00EDA793 /* PopupViewModifier.swift in Sources */ = {isa = PBXBuildFile; fileRef = 011908A826FC97DB00EDA793 /* PopupViewModifier.swift */; };
		011908AA26FC97DB00EDA793 /* PopupViewModifier.swift in Sources */ = {isa = PBXBuildFile; fileRef = 011908A826FC97DB00EDA793 /* PopupViewModifier.swift */; };
		011908AB26FC97DB00EDA793 /* PopupViewModifier.swift in Sources */ = {isa = PBXBuildFile; fileRef = 011908A826FC97DB00EDA793 /* PopupViewModifier.swift */; };
		011908AD26FCA4C500EDA793 /* ExtensionsView.swift in Sources */ = {isa = PBXBuildFile; fileRef = 011908AC26FCA4C500EDA793 /* ExtensionsView.swift */; };
		011908AE26FCA4C500EDA793 /* ExtensionsView.swift in Sources */ = {isa = PBXBuildFile; fileRef = 011908AC26FCA4C500EDA793 /* ExtensionsView.swift */; };
		011908AF26FCA4C500EDA793 /* ExtensionsView.swift in Sources */ = {isa = PBXBuildFile; fileRef = 011908AC26FCA4C500EDA793 /* ExtensionsView.swift */; };
		011908B126FCA52A00EDA793 /* RoundedCorner.swift in Sources */ = {isa = PBXBuildFile; fileRef = 011908B026FCA52A00EDA793 /* RoundedCorner.swift */; };
		011908B226FCA52A00EDA793 /* RoundedCorner.swift in Sources */ = {isa = PBXBuildFile; fileRef = 011908B026FCA52A00EDA793 /* RoundedCorner.swift */; };
		011908B326FCA52A00EDA793 /* RoundedCorner.swift in Sources */ = {isa = PBXBuildFile; fileRef = 011908B026FCA52A00EDA793 /* RoundedCorner.swift */; };
		011908B726FD099E00EDA793 /* ReceiptModel.swift in Sources */ = {isa = PBXBuildFile; fileRef = 011908B626FD099E00EDA793 /* ReceiptModel.swift */; };
		011908B826FD099E00EDA793 /* ReceiptModel.swift in Sources */ = {isa = PBXBuildFile; fileRef = 011908B626FD099E00EDA793 /* ReceiptModel.swift */; };
		011908B926FD099E00EDA793 /* ReceiptModel.swift in Sources */ = {isa = PBXBuildFile; fileRef = 011908B626FD099E00EDA793 /* ReceiptModel.swift */; };
		011908BB26FD0C3700EDA793 /* ReceiptView.swift in Sources */ = {isa = PBXBuildFile; fileRef = 011908BA26FD0C3700EDA793 /* ReceiptView.swift */; };
		011908BC26FD0C3700EDA793 /* ReceiptView.swift in Sources */ = {isa = PBXBuildFile; fileRef = 011908BA26FD0C3700EDA793 /* ReceiptView.swift */; };
		011908BD26FD0C3700EDA793 /* ReceiptView.swift in Sources */ = {isa = PBXBuildFile; fileRef = 011908BA26FD0C3700EDA793 /* ReceiptView.swift */; };
		011908BF26FD252A00EDA793 /* ReceiptItemModel.swift in Sources */ = {isa = PBXBuildFile; fileRef = 011908BE26FD252A00EDA793 /* ReceiptItemModel.swift */; };
		011908C026FD252A00EDA793 /* ReceiptItemModel.swift in Sources */ = {isa = PBXBuildFile; fileRef = 011908BE26FD252A00EDA793 /* ReceiptItemModel.swift */; };
		011908C126FD252A00EDA793 /* ReceiptItemModel.swift in Sources */ = {isa = PBXBuildFile; fileRef = 011908BE26FD252A00EDA793 /* ReceiptItemModel.swift */; };
		011908C326FD401500EDA793 /* ReceiptCell.swift in Sources */ = {isa = PBXBuildFile; fileRef = 011908C226FD401500EDA793 /* ReceiptCell.swift */; };
		011908C426FD401500EDA793 /* ReceiptCell.swift in Sources */ = {isa = PBXBuildFile; fileRef = 011908C226FD401500EDA793 /* ReceiptCell.swift */; };
		011908C526FD401500EDA793 /* ReceiptCell.swift in Sources */ = {isa = PBXBuildFile; fileRef = 011908C226FD401500EDA793 /* ReceiptCell.swift */; };
		011908C826FD4C7800EDA793 /* DashLine.swift in Sources */ = {isa = PBXBuildFile; fileRef = 011908C726FD4C7800EDA793 /* DashLine.swift */; };
		011908C926FD4C7800EDA793 /* DashLine.swift in Sources */ = {isa = PBXBuildFile; fileRef = 011908C726FD4C7800EDA793 /* DashLine.swift */; };
		011908CA26FD4C7800EDA793 /* DashLine.swift in Sources */ = {isa = PBXBuildFile; fileRef = 011908C726FD4C7800EDA793 /* DashLine.swift */; };
		011908CC26FD612600EDA793 /* ReceiptProductCell.swift in Sources */ = {isa = PBXBuildFile; fileRef = 011908CB26FD612600EDA793 /* ReceiptProductCell.swift */; };
		011908CD26FD612600EDA793 /* ReceiptProductCell.swift in Sources */ = {isa = PBXBuildFile; fileRef = 011908CB26FD612600EDA793 /* ReceiptProductCell.swift */; };
		011908CE26FD612600EDA793 /* ReceiptProductCell.swift in Sources */ = {isa = PBXBuildFile; fileRef = 011908CB26FD612600EDA793 /* ReceiptProductCell.swift */; };
		011908D126FE4E9A00EDA793 /* KnobView.swift in Sources */ = {isa = PBXBuildFile; fileRef = 011908D026FE4E9A00EDA793 /* KnobView.swift */; };
		011908D226FE4E9A00EDA793 /* KnobView.swift in Sources */ = {isa = PBXBuildFile; fileRef = 011908D026FE4E9A00EDA793 /* KnobView.swift */; };
		011908D326FE4E9A00EDA793 /* KnobView.swift in Sources */ = {isa = PBXBuildFile; fileRef = 011908D026FE4E9A00EDA793 /* KnobView.swift */; };
		011908D526FE4F1000EDA793 /* ReceiptScrew.swift in Sources */ = {isa = PBXBuildFile; fileRef = 011908D426FE4F1000EDA793 /* ReceiptScrew.swift */; };
		011908D626FE4F1000EDA793 /* ReceiptScrew.swift in Sources */ = {isa = PBXBuildFile; fileRef = 011908D426FE4F1000EDA793 /* ReceiptScrew.swift */; };
		011908D726FE4F1000EDA793 /* ReceiptScrew.swift in Sources */ = {isa = PBXBuildFile; fileRef = 011908D426FE4F1000EDA793 /* ReceiptScrew.swift */; };
		011908DA26FE5A0900EDA793 /* RecyclerView.swift in Sources */ = {isa = PBXBuildFile; fileRef = 011908D926FE5A0900EDA793 /* RecyclerView.swift */; };
		011908DB26FE5A0900EDA793 /* RecyclerView.swift in Sources */ = {isa = PBXBuildFile; fileRef = 011908D926FE5A0900EDA793 /* RecyclerView.swift */; };
		011908DC26FE5A0900EDA793 /* RecyclerView.swift in Sources */ = {isa = PBXBuildFile; fileRef = 011908D926FE5A0900EDA793 /* RecyclerView.swift */; };
		011908DE26FE90D900EDA793 /* ExtensionsDate.swift in Sources */ = {isa = PBXBuildFile; fileRef = 011908DD26FE90D900EDA793 /* ExtensionsDate.swift */; };
		011908DF26FE90D900EDA793 /* ExtensionsDate.swift in Sources */ = {isa = PBXBuildFile; fileRef = 011908DD26FE90D900EDA793 /* ExtensionsDate.swift */; };
		011908E026FE90D900EDA793 /* ExtensionsDate.swift in Sources */ = {isa = PBXBuildFile; fileRef = 011908DD26FE90D900EDA793 /* ExtensionsDate.swift */; };
		011908E326FEABAD00EDA793 /* DockView.swift in Sources */ = {isa = PBXBuildFile; fileRef = 011908E226FEABAD00EDA793 /* DockView.swift */; };
		011908E426FEABAD00EDA793 /* DockView.swift in Sources */ = {isa = PBXBuildFile; fileRef = 011908E226FEABAD00EDA793 /* DockView.swift */; };
		011908E526FEABAD00EDA793 /* DockView.swift in Sources */ = {isa = PBXBuildFile; fileRef = 011908E226FEABAD00EDA793 /* DockView.swift */; };
		016F6C5526F48D4E0032B550 /* VegetoryApp.swift in Sources */ = {isa = PBXBuildFile; fileRef = 016F6C5426F48D4E0032B550 /* VegetoryApp.swift */; };
		016F6C5726F48D4E0032B550 /* ContentView.swift in Sources */ = {isa = PBXBuildFile; fileRef = 016F6C5626F48D4E0032B550 /* ContentView.swift */; };
		016F6C5926F48D4F0032B550 /* Assets.xcassets in Resources */ = {isa = PBXBuildFile; fileRef = 016F6C5826F48D4F0032B550 /* Assets.xcassets */; };
		016F6C5C26F48D4F0032B550 /* Preview Assets.xcassets in Resources */ = {isa = PBXBuildFile; fileRef = 016F6C5B26F48D4F0032B550 /* Preview Assets.xcassets */; };
		016F6C6726F48D4F0032B550 /* VegetoryTests.swift in Sources */ = {isa = PBXBuildFile; fileRef = 016F6C6626F48D4F0032B550 /* VegetoryTests.swift */; };
		016F6C7226F48D4F0032B550 /* VegetoryUITests.swift in Sources */ = {isa = PBXBuildFile; fileRef = 016F6C7126F48D4F0032B550 /* VegetoryUITests.swift */; };
		016F6C8426F491F70032B550 /* TopBarView.swift in Sources */ = {isa = PBXBuildFile; fileRef = 016F6C8326F491F70032B550 /* TopBarView.swift */; };
		016F6C8826F492600032B550 /* TopBarModel.swift in Sources */ = {isa = PBXBuildFile; fileRef = 016F6C8726F492600032B550 /* TopBarModel.swift */; };
		016F6C8A26F4982D0032B550 /* TopBarItem.swift in Sources */ = {isa = PBXBuildFile; fileRef = 016F6C8926F4982D0032B550 /* TopBarItem.swift */; };
		016F6C8D26F49B040032B550 /* KOTRA_BOLD.otf in Resources */ = {isa = PBXBuildFile; fileRef = 016F6C8C26F49B040032B550 /* KOTRA_BOLD.otf */; };
		016F6C8E26F49B040032B550 /* KOTRA_BOLD.otf in Resources */ = {isa = PBXBuildFile; fileRef = 016F6C8C26F49B040032B550 /* KOTRA_BOLD.otf */; };
		016F6C8F26F49B040032B550 /* KOTRA_BOLD.otf in Resources */ = {isa = PBXBuildFile; fileRef = 016F6C8C26F49B040032B550 /* KOTRA_BOLD.otf */; };
		016F6C9226F49C390032B550 /* NotoSansKR-Bold.otf in Resources */ = {isa = PBXBuildFile; fileRef = 016F6C9026F49C390032B550 /* NotoSansKR-Bold.otf */; };
		016F6C9326F49C390032B550 /* NotoSansKR-Bold.otf in Resources */ = {isa = PBXBuildFile; fileRef = 016F6C9026F49C390032B550 /* NotoSansKR-Bold.otf */; };
		016F6C9426F49C390032B550 /* NotoSansKR-Bold.otf in Resources */ = {isa = PBXBuildFile; fileRef = 016F6C9026F49C390032B550 /* NotoSansKR-Bold.otf */; };
		016F6C9526F49C390032B550 /* NotoSansKR-Medium.otf in Resources */ = {isa = PBXBuildFile; fileRef = 016F6C9126F49C390032B550 /* NotoSansKR-Medium.otf */; };
		016F6C9626F49C390032B550 /* NotoSansKR-Medium.otf in Resources */ = {isa = PBXBuildFile; fileRef = 016F6C9126F49C390032B550 /* NotoSansKR-Medium.otf */; };
		016F6C9726F49C390032B550 /* NotoSansKR-Medium.otf in Resources */ = {isa = PBXBuildFile; fileRef = 016F6C9126F49C390032B550 /* NotoSansKR-Medium.otf */; };
		016F6C9926F49C530032B550 /* ImcreSoojin_OTF.otf in Resources */ = {isa = PBXBuildFile; fileRef = 016F6C9826F49C530032B550 /* ImcreSoojin_OTF.otf */; };
		016F6C9A26F49C530032B550 /* ImcreSoojin_OTF.otf in Resources */ = {isa = PBXBuildFile; fileRef = 016F6C9826F49C530032B550 /* ImcreSoojin_OTF.otf */; };
		016F6C9B26F49C530032B550 /* ImcreSoojin_OTF.otf in Resources */ = {isa = PBXBuildFile; fileRef = 016F6C9826F49C530032B550 /* ImcreSoojin_OTF.otf */; };
		016F6C9E26F49C7A0032B550 /* Eulyoo1945-SemiBold.otf in Resources */ = {isa = PBXBuildFile; fileRef = 016F6C9C26F49C7A0032B550 /* Eulyoo1945-SemiBold.otf */; };
		016F6C9F26F49C7A0032B550 /* Eulyoo1945-SemiBold.otf in Resources */ = {isa = PBXBuildFile; fileRef = 016F6C9C26F49C7A0032B550 /* Eulyoo1945-SemiBold.otf */; };
		016F6CA026F49C7A0032B550 /* Eulyoo1945-SemiBold.otf in Resources */ = {isa = PBXBuildFile; fileRef = 016F6C9C26F49C7A0032B550 /* Eulyoo1945-SemiBold.otf */; };
		016F6CA126F49C7A0032B550 /* Eulyoo1945-Regular.otf in Resources */ = {isa = PBXBuildFile; fileRef = 016F6C9D26F49C7A0032B550 /* Eulyoo1945-Regular.otf */; };
		016F6CA226F49C7A0032B550 /* Eulyoo1945-Regular.otf in Resources */ = {isa = PBXBuildFile; fileRef = 016F6C9D26F49C7A0032B550 /* Eulyoo1945-Regular.otf */; };
		016F6CA326F49C7A0032B550 /* Eulyoo1945-Regular.otf in Resources */ = {isa = PBXBuildFile; fileRef = 016F6C9D26F49C7A0032B550 /* Eulyoo1945-Regular.otf */; };
		016F6CA626F4A5120032B550 /* Blurview.swift in Sources */ = {isa = PBXBuildFile; fileRef = 016F6CA526F4A5120032B550 /* Blurview.swift */; };
		016F6CA726F4A5120032B550 /* Blurview.swift in Sources */ = {isa = PBXBuildFile; fileRef = 016F6CA526F4A5120032B550 /* Blurview.swift */; };
		016F6CA826F4A5120032B550 /* Blurview.swift in Sources */ = {isa = PBXBuildFile; fileRef = 016F6CA526F4A5120032B550 /* Blurview.swift */; };
		016F6CAB26F4A7150032B550 /* WallPaperView.swift in Sources */ = {isa = PBXBuildFile; fileRef = 016F6CAA26F4A7150032B550 /* WallPaperView.swift */; };
		016F6CAC26F4A7150032B550 /* WallPaperView.swift in Sources */ = {isa = PBXBuildFile; fileRef = 016F6CAA26F4A7150032B550 /* WallPaperView.swift */; };
		016F6CAD26F4A7150032B550 /* WallPaperView.swift in Sources */ = {isa = PBXBuildFile; fileRef = 016F6CAA26F4A7150032B550 /* WallPaperView.swift */; };
		016F6CB026F5282B0032B550 /* ExtensionsString.swift in Sources */ = {isa = PBXBuildFile; fileRef = 016F6CAF26F5282B0032B550 /* ExtensionsString.swift */; };
		016F6CB126F5282B0032B550 /* ExtensionsString.swift in Sources */ = {isa = PBXBuildFile; fileRef = 016F6CAF26F5282B0032B550 /* ExtensionsString.swift */; };
		016F6CB226F5282B0032B550 /* ExtensionsString.swift in Sources */ = {isa = PBXBuildFile; fileRef = 016F6CAF26F5282B0032B550 /* ExtensionsString.swift */; };
		016F6CB426F52EC50032B550 /* ExtensionList.swift in Sources */ = {isa = PBXBuildFile; fileRef = 016F6CB326F52EC50032B550 /* ExtensionList.swift */; };
		016F6CB526F52EC50032B550 /* ExtensionList.swift in Sources */ = {isa = PBXBuildFile; fileRef = 016F6CB326F52EC50032B550 /* ExtensionList.swift */; };
		016F6CB626F52EC50032B550 /* ExtensionList.swift in Sources */ = {isa = PBXBuildFile; fileRef = 016F6CB326F52EC50032B550 /* ExtensionList.swift */; };
		016F6CB826F53D440032B550 /* MainViewVM.swift in Sources */ = {isa = PBXBuildFile; fileRef = 016F6CB726F53D440032B550 /* MainViewVM.swift */; };
		016F6CB926F53D440032B550 /* MainViewVM.swift in Sources */ = {isa = PBXBuildFile; fileRef = 016F6CB726F53D440032B550 /* MainViewVM.swift */; };
		016F6CBA26F53D440032B550 /* MainViewVM.swift in Sources */ = {isa = PBXBuildFile; fileRef = 016F6CB726F53D440032B550 /* MainViewVM.swift */; };
		016F6CBC26F544250032B550 /* ExtensionVM.swift in Sources */ = {isa = PBXBuildFile; fileRef = 016F6CBB26F544250032B550 /* ExtensionVM.swift */; };
		016F6CBD26F544250032B550 /* ExtensionVM.swift in Sources */ = {isa = PBXBuildFile; fileRef = 016F6CBB26F544250032B550 /* ExtensionVM.swift */; };
		016F6CBE26F544250032B550 /* ExtensionVM.swift in Sources */ = {isa = PBXBuildFile; fileRef = 016F6CBB26F544250032B550 /* ExtensionVM.swift */; };
		016F6CC026F5CDB50032B550 /* ExtensionsCGFloat.swift in Sources */ = {isa = PBXBuildFile; fileRef = 016F6CBF26F5CDB50032B550 /* ExtensionsCGFloat.swift */; };
		016F6CC126F5CDB50032B550 /* ExtensionsCGFloat.swift in Sources */ = {isa = PBXBuildFile; fileRef = 016F6CBF26F5CDB50032B550 /* ExtensionsCGFloat.swift */; };
		016F6CC226F5CDB50032B550 /* ExtensionsCGFloat.swift in Sources */ = {isa = PBXBuildFile; fileRef = 016F6CBF26F5CDB50032B550 /* ExtensionsCGFloat.swift */; };
		016F6CC526F5D1450032B550 /* GridView.swift in Sources */ = {isa = PBXBuildFile; fileRef = 016F6CC426F5D1450032B550 /* GridView.swift */; };
		016F6CC626F5D1450032B550 /* GridView.swift in Sources */ = {isa = PBXBuildFile; fileRef = 016F6CC426F5D1450032B550 /* GridView.swift */; };
		016F6CC726F5D1450032B550 /* GridView.swift in Sources */ = {isa = PBXBuildFile; fileRef = 016F6CC426F5D1450032B550 /* GridView.swift */; };
		016F6CCA26F5D2790032B550 /* MainMenuModel.swift in Sources */ = {isa = PBXBuildFile; fileRef = 016F6CC926F5D2790032B550 /* MainMenuModel.swift */; };
		016F6CCB26F5D2790032B550 /* MainMenuModel.swift in Sources */ = {isa = PBXBuildFile; fileRef = 016F6CC926F5D2790032B550 /* MainMenuModel.swift */; };
		016F6CCC26F5D2790032B550 /* MainMenuModel.swift in Sources */ = {isa = PBXBuildFile; fileRef = 016F6CC926F5D2790032B550 /* MainMenuModel.swift */; };
		016F6CCF26F5E9400032B550 /* NeumorphicView.swift in Sources */ = {isa = PBXBuildFile; fileRef = 016F6CCE26F5E9400032B550 /* NeumorphicView.swift */; };
		016F6CD026F5E9400032B550 /* NeumorphicView.swift in Sources */ = {isa = PBXBuildFile; fileRef = 016F6CCE26F5E9400032B550 /* NeumorphicView.swift */; };
		016F6CD126F5E9400032B550 /* NeumorphicView.swift in Sources */ = {isa = PBXBuildFile; fileRef = 016F6CCE26F5E9400032B550 /* NeumorphicView.swift */; };
		016F6CD626F621A00032B550 /* MainMenuView.swift in Sources */ = {isa = PBXBuildFile; fileRef = 016F6CD526F621A00032B550 /* MainMenuView.swift */; };
		016F6CD726F621A00032B550 /* MainMenuView.swift in Sources */ = {isa = PBXBuildFile; fileRef = 016F6CD526F621A00032B550 /* MainMenuView.swift */; };
		016F6CD826F621A00032B550 /* MainMenuView.swift in Sources */ = {isa = PBXBuildFile; fileRef = 016F6CD526F621A00032B550 /* MainMenuView.swift */; };
		016F6CDB26F635640032B550 /* RefrigeratorView.swift in Sources */ = {isa = PBXBuildFile; fileRef = 016F6CDA26F635640032B550 /* RefrigeratorView.swift */; };
		016F6CDC26F635640032B550 /* RefrigeratorView.swift in Sources */ = {isa = PBXBuildFile; fileRef = 016F6CDA26F635640032B550 /* RefrigeratorView.swift */; };
		016F6CDD26F635640032B550 /* RefrigeratorView.swift in Sources */ = {isa = PBXBuildFile; fileRef = 016F6CDA26F635640032B550 /* RefrigeratorView.swift */; };
		016F6CE026F9BE950032B550 /* IsometricViewModifier.swift in Sources */ = {isa = PBXBuildFile; fileRef = 016F6CDF26F9BE950032B550 /* IsometricViewModifier.swift */; };
		016F6CE126F9BE950032B550 /* IsometricViewModifier.swift in Sources */ = {isa = PBXBuildFile; fileRef = 016F6CDF26F9BE950032B550 /* IsometricViewModifier.swift */; };
		016F6CE226F9BE950032B550 /* IsometricViewModifier.swift in Sources */ = {isa = PBXBuildFile; fileRef = 016F6CDF26F9BE950032B550 /* IsometricViewModifier.swift */; };
		016F6CE426F9BEEF0032B550 /* ExtrudeModifier.swift in Sources */ = {isa = PBXBuildFile; fileRef = 016F6CE326F9BEEF0032B550 /* ExtrudeModifier.swift */; };
		016F6CE526F9BEEF0032B550 /* ExtrudeModifier.swift in Sources */ = {isa = PBXBuildFile; fileRef = 016F6CE326F9BEEF0032B550 /* ExtrudeModifier.swift */; };
		016F6CE626F9BEEF0032B550 /* ExtrudeModifier.swift in Sources */ = {isa = PBXBuildFile; fileRef = 016F6CE326F9BEEF0032B550 /* ExtrudeModifier.swift */; };
		016F6CE826F9C2240032B550 /* IsometricView.swift in Sources */ = {isa = PBXBuildFile; fileRef = 016F6CE726F9C2240032B550 /* IsometricView.swift */; };
		016F6CE926F9C2240032B550 /* IsometricView.swift in Sources */ = {isa = PBXBuildFile; fileRef = 016F6CE726F9C2240032B550 /* IsometricView.swift */; };
		016F6CEA26F9C2240032B550 /* IsometricView.swift in Sources */ = {isa = PBXBuildFile; fileRef = 016F6CE726F9C2240032B550 /* IsometricView.swift */; };
		016F6CEC26FA15E70032B550 /* RefrigeratorDoorView.swift in Sources */ = {isa = PBXBuildFile; fileRef = 016F6CEB26FA15E70032B550 /* RefrigeratorDoorView.swift */; };
		016F6CED26FA15E70032B550 /* RefrigeratorDoorView.swift in Sources */ = {isa = PBXBuildFile; fileRef = 016F6CEB26FA15E70032B550 /* RefrigeratorDoorView.swift */; };
		016F6CEE26FA15E70032B550 /* RefrigeratorDoorView.swift in Sources */ = {isa = PBXBuildFile; fileRef = 016F6CEB26FA15E70032B550 /* RefrigeratorDoorView.swift */; };
		016F6CF026FA16080032B550 /* RefrigeratorDoorType.swift in Sources */ = {isa = PBXBuildFile; fileRef = 016F6CEF26FA16080032B550 /* RefrigeratorDoorType.swift */; };
		016F6CF126FA16080032B550 /* RefrigeratorDoorType.swift in Sources */ = {isa = PBXBuildFile; fileRef = 016F6CEF26FA16080032B550 /* RefrigeratorDoorType.swift */; };
		016F6CF226FA16080032B550 /* RefrigeratorDoorType.swift in Sources */ = {isa = PBXBuildFile; fileRef = 016F6CEF26FA16080032B550 /* RefrigeratorDoorType.swift */; };
		016F6CF426FA5A930032B550 /* CubeExample.swift in Sources */ = {isa = PBXBuildFile; fileRef = 016F6CF326FA5A930032B550 /* CubeExample.swift */; };
		016F6CF526FA5A930032B550 /* CubeExample.swift in Sources */ = {isa = PBXBuildFile; fileRef = 016F6CF326FA5A930032B550 /* CubeExample.swift */; };
		016F6CF626FA5A930032B550 /* CubeExample.swift in Sources */ = {isa = PBXBuildFile; fileRef = 016F6CF326FA5A930032B550 /* CubeExample.swift */; };
/* End PBXBuildFile section */

/* Begin PBXContainerItemProxy section */
		016F6C6326F48D4F0032B550 /* PBXContainerItemProxy */ = {
			isa = PBXContainerItemProxy;
			containerPortal = 016F6C4926F48D4E0032B550 /* Project object */;
			proxyType = 1;
			remoteGlobalIDString = 016F6C5026F48D4E0032B550;
			remoteInfo = Vegetory;
		};
		016F6C6E26F48D4F0032B550 /* PBXContainerItemProxy */ = {
			isa = PBXContainerItemProxy;
			containerPortal = 016F6C4926F48D4E0032B550 /* Project object */;
			proxyType = 1;
			remoteGlobalIDString = 016F6C5026F48D4E0032B550;
			remoteInfo = Vegetory;
		};
/* End PBXContainerItemProxy section */

/* Begin PBXFileReference section */
		0119089626FC170400EDA793 /* RefrigeratorBucketView.swift */ = {isa = PBXFileReference; lastKnownFileType = sourcecode.swift; path = RefrigeratorBucketView.swift; sourceTree = "<group>"; };
		0119089A26FC173D00EDA793 /* RefrigeratorBucketModel.swift */ = {isa = PBXFileReference; lastKnownFileType = sourcecode.swift; path = RefrigeratorBucketModel.swift; sourceTree = "<group>"; };
		0119089F26FC189500EDA793 /* MainView.swift */ = {isa = PBXFileReference; lastKnownFileType = sourcecode.swift; path = MainView.swift; sourceTree = "<group>"; };
		011908A426FC279800EDA793 /* PopupView.swift */ = {isa = PBXFileReference; lastKnownFileType = sourcecode.swift; path = PopupView.swift; sourceTree = "<group>"; };
		011908A826FC97DB00EDA793 /* PopupViewModifier.swift */ = {isa = PBXFileReference; lastKnownFileType = sourcecode.swift; path = PopupViewModifier.swift; sourceTree = "<group>"; };
		011908AC26FCA4C500EDA793 /* ExtensionsView.swift */ = {isa = PBXFileReference; lastKnownFileType = sourcecode.swift; path = ExtensionsView.swift; sourceTree = "<group>"; };
		011908B026FCA52A00EDA793 /* RoundedCorner.swift */ = {isa = PBXFileReference; lastKnownFileType = sourcecode.swift; path = RoundedCorner.swift; sourceTree = "<group>"; };
		011908B626FD099E00EDA793 /* ReceiptModel.swift */ = {isa = PBXFileReference; lastKnownFileType = sourcecode.swift; path = ReceiptModel.swift; sourceTree = "<group>"; };
		011908BA26FD0C3700EDA793 /* ReceiptView.swift */ = {isa = PBXFileReference; lastKnownFileType = sourcecode.swift; path = ReceiptView.swift; sourceTree = "<group>"; };
		011908BE26FD252A00EDA793 /* ReceiptItemModel.swift */ = {isa = PBXFileReference; lastKnownFileType = sourcecode.swift; path = ReceiptItemModel.swift; sourceTree = "<group>"; };
		011908C226FD401500EDA793 /* ReceiptCell.swift */ = {isa = PBXFileReference; lastKnownFileType = sourcecode.swift; path = ReceiptCell.swift; sourceTree = "<group>"; };
		011908C726FD4C7800EDA793 /* DashLine.swift */ = {isa = PBXFileReference; lastKnownFileType = sourcecode.swift; path = DashLine.swift; sourceTree = "<group>"; };
		011908CB26FD612600EDA793 /* ReceiptProductCell.swift */ = {isa = PBXFileReference; lastKnownFileType = sourcecode.swift; path = ReceiptProductCell.swift; sourceTree = "<group>"; };
		011908D026FE4E9A00EDA793 /* KnobView.swift */ = {isa = PBXFileReference; lastKnownFileType = sourcecode.swift; path = KnobView.swift; sourceTree = "<group>"; };
		011908D426FE4F1000EDA793 /* ReceiptScrew.swift */ = {isa = PBXFileReference; lastKnownFileType = sourcecode.swift; path = ReceiptScrew.swift; sourceTree = "<group>"; };
		011908D926FE5A0900EDA793 /* RecyclerView.swift */ = {isa = PBXFileReference; lastKnownFileType = sourcecode.swift; path = RecyclerView.swift; sourceTree = "<group>"; };
		011908DD26FE90D900EDA793 /* ExtensionsDate.swift */ = {isa = PBXFileReference; lastKnownFileType = sourcecode.swift; path = ExtensionsDate.swift; sourceTree = "<group>"; };
		011908E226FEABAD00EDA793 /* DockView.swift */ = {isa = PBXFileReference; lastKnownFileType = sourcecode.swift; path = DockView.swift; sourceTree = "<group>"; };
		016F6C5126F48D4E0032B550 /* Vegetory.app */ = {isa = PBXFileReference; explicitFileType = wrapper.application; includeInIndex = 0; path = Vegetory.app; sourceTree = BUILT_PRODUCTS_DIR; };
		016F6C5426F48D4E0032B550 /* VegetoryApp.swift */ = {isa = PBXFileReference; lastKnownFileType = sourcecode.swift; path = VegetoryApp.swift; sourceTree = "<group>"; };
		016F6C5626F48D4E0032B550 /* ContentView.swift */ = {isa = PBXFileReference; lastKnownFileType = sourcecode.swift; path = ContentView.swift; sourceTree = "<group>"; };
		016F6C5826F48D4F0032B550 /* Assets.xcassets */ = {isa = PBXFileReference; lastKnownFileType = folder.assetcatalog; path = Assets.xcassets; sourceTree = "<group>"; };
		016F6C5B26F48D4F0032B550 /* Preview Assets.xcassets */ = {isa = PBXFileReference; lastKnownFileType = folder.assetcatalog; path = "Preview Assets.xcassets"; sourceTree = "<group>"; };
		016F6C5D26F48D4F0032B550 /* Info.plist */ = {isa = PBXFileReference; lastKnownFileType = text.plist.xml; path = Info.plist; sourceTree = "<group>"; };
		016F6C6226F48D4F0032B550 /* VegetoryTests.xctest */ = {isa = PBXFileReference; explicitFileType = wrapper.cfbundle; includeInIndex = 0; path = VegetoryTests.xctest; sourceTree = BUILT_PRODUCTS_DIR; };
		016F6C6626F48D4F0032B550 /* VegetoryTests.swift */ = {isa = PBXFileReference; lastKnownFileType = sourcecode.swift; path = VegetoryTests.swift; sourceTree = "<group>"; };
		016F6C6826F48D4F0032B550 /* Info.plist */ = {isa = PBXFileReference; lastKnownFileType = text.plist.xml; path = Info.plist; sourceTree = "<group>"; };
		016F6C6D26F48D4F0032B550 /* VegetoryUITests.xctest */ = {isa = PBXFileReference; explicitFileType = wrapper.cfbundle; includeInIndex = 0; path = VegetoryUITests.xctest; sourceTree = BUILT_PRODUCTS_DIR; };
		016F6C7126F48D4F0032B550 /* VegetoryUITests.swift */ = {isa = PBXFileReference; lastKnownFileType = sourcecode.swift; path = VegetoryUITests.swift; sourceTree = "<group>"; };
		016F6C7326F48D4F0032B550 /* Info.plist */ = {isa = PBXFileReference; lastKnownFileType = text.plist.xml; path = Info.plist; sourceTree = "<group>"; };
		016F6C8326F491F70032B550 /* TopBarView.swift */ = {isa = PBXFileReference; lastKnownFileType = sourcecode.swift; path = TopBarView.swift; sourceTree = "<group>"; };
		016F6C8726F492600032B550 /* TopBarModel.swift */ = {isa = PBXFileReference; lastKnownFileType = sourcecode.swift; path = TopBarModel.swift; sourceTree = "<group>"; };
		016F6C8926F4982D0032B550 /* TopBarItem.swift */ = {isa = PBXFileReference; lastKnownFileType = sourcecode.swift; path = TopBarItem.swift; sourceTree = "<group>"; };
		016F6C8C26F49B040032B550 /* KOTRA_BOLD.otf */ = {isa = PBXFileReference; lastKnownFileType = file; path = KOTRA_BOLD.otf; sourceTree = "<group>"; };
		016F6C9026F49C390032B550 /* NotoSansKR-Bold.otf */ = {isa = PBXFileReference; lastKnownFileType = file; path = "NotoSansKR-Bold.otf"; sourceTree = "<group>"; };
		016F6C9126F49C390032B550 /* NotoSansKR-Medium.otf */ = {isa = PBXFileReference; lastKnownFileType = file; path = "NotoSansKR-Medium.otf"; sourceTree = "<group>"; };
		016F6C9826F49C530032B550 /* ImcreSoojin_OTF.otf */ = {isa = PBXFileReference; lastKnownFileType = file; path = ImcreSoojin_OTF.otf; sourceTree = "<group>"; };
		016F6C9C26F49C7A0032B550 /* Eulyoo1945-SemiBold.otf */ = {isa = PBXFileReference; lastKnownFileType = file; path = "Eulyoo1945-SemiBold.otf"; sourceTree = "<group>"; };
		016F6C9D26F49C7A0032B550 /* Eulyoo1945-Regular.otf */ = {isa = PBXFileReference; lastKnownFileType = file; path = "Eulyoo1945-Regular.otf"; sourceTree = "<group>"; };
		016F6CA526F4A5120032B550 /* Blurview.swift */ = {isa = PBXFileReference; lastKnownFileType = sourcecode.swift; path = Blurview.swift; sourceTree = "<group>"; };
		016F6CAA26F4A7150032B550 /* WallPaperView.swift */ = {isa = PBXFileReference; lastKnownFileType = sourcecode.swift; path = WallPaperView.swift; sourceTree = "<group>"; };
		016F6CAF26F5282B0032B550 /* ExtensionsString.swift */ = {isa = PBXFileReference; lastKnownFileType = sourcecode.swift; path = ExtensionsString.swift; sourceTree = "<group>"; };
		016F6CB326F52EC50032B550 /* ExtensionList.swift */ = {isa = PBXFileReference; lastKnownFileType = sourcecode.swift; path = ExtensionList.swift; sourceTree = "<group>"; };
		016F6CB726F53D440032B550 /* MainViewVM.swift */ = {isa = PBXFileReference; lastKnownFileType = sourcecode.swift; path = MainViewVM.swift; sourceTree = "<group>"; };
		016F6CBB26F544250032B550 /* ExtensionVM.swift */ = {isa = PBXFileReference; lastKnownFileType = sourcecode.swift; path = ExtensionVM.swift; sourceTree = "<group>"; };
		016F6CBF26F5CDB50032B550 /* ExtensionsCGFloat.swift */ = {isa = PBXFileReference; lastKnownFileType = sourcecode.swift; path = ExtensionsCGFloat.swift; sourceTree = "<group>"; };
		016F6CC426F5D1450032B550 /* GridView.swift */ = {isa = PBXFileReference; lastKnownFileType = sourcecode.swift; path = GridView.swift; sourceTree = "<group>"; };
		016F6CC926F5D2790032B550 /* MainMenuModel.swift */ = {isa = PBXFileReference; lastKnownFileType = sourcecode.swift; path = MainMenuModel.swift; sourceTree = "<group>"; };
		016F6CCE26F5E9400032B550 /* NeumorphicView.swift */ = {isa = PBXFileReference; lastKnownFileType = sourcecode.swift; path = NeumorphicView.swift; sourceTree = "<group>"; };
		016F6CD526F621A00032B550 /* MainMenuView.swift */ = {isa = PBXFileReference; lastKnownFileType = sourcecode.swift; path = MainMenuView.swift; sourceTree = "<group>"; };
		016F6CDA26F635640032B550 /* RefrigeratorView.swift */ = {isa = PBXFileReference; lastKnownFileType = sourcecode.swift; path = RefrigeratorView.swift; sourceTree = "<group>"; };
		016F6CDF26F9BE950032B550 /* IsometricViewModifier.swift */ = {isa = PBXFileReference; lastKnownFileType = sourcecode.swift; path = IsometricViewModifier.swift; sourceTree = "<group>"; };
		016F6CE326F9BEEF0032B550 /* ExtrudeModifier.swift */ = {isa = PBXFileReference; lastKnownFileType = sourcecode.swift; path = ExtrudeModifier.swift; sourceTree = "<group>"; };
		016F6CE726F9C2240032B550 /* IsometricView.swift */ = {isa = PBXFileReference; lastKnownFileType = sourcecode.swift; path = IsometricView.swift; sourceTree = "<group>"; };
		016F6CEB26FA15E70032B550 /* RefrigeratorDoorView.swift */ = {isa = PBXFileReference; lastKnownFileType = sourcecode.swift; path = RefrigeratorDoorView.swift; sourceTree = "<group>"; };
		016F6CEF26FA16080032B550 /* RefrigeratorDoorType.swift */ = {isa = PBXFileReference; lastKnownFileType = sourcecode.swift; path = RefrigeratorDoorType.swift; sourceTree = "<group>"; };
		016F6CF326FA5A930032B550 /* CubeExample.swift */ = {isa = PBXFileReference; lastKnownFileType = sourcecode.swift; path = CubeExample.swift; sourceTree = "<group>"; };
/* End PBXFileReference section */

/* Begin PBXFrameworksBuildPhase section */
		016F6C4E26F48D4E0032B550 /* Frameworks */ = {
			isa = PBXFrameworksBuildPhase;
			buildActionMask = 2147483647;
			files = (
			);
			runOnlyForDeploymentPostprocessing = 0;
		};
		016F6C5F26F48D4F0032B550 /* Frameworks */ = {
			isa = PBXFrameworksBuildPhase;
			buildActionMask = 2147483647;
			files = (
			);
			runOnlyForDeploymentPostprocessing = 0;
		};
		016F6C6A26F48D4F0032B550 /* Frameworks */ = {
			isa = PBXFrameworksBuildPhase;
			buildActionMask = 2147483647;
			files = (
			);
			runOnlyForDeploymentPostprocessing = 0;
		};
/* End PBXFrameworksBuildPhase section */

/* Begin PBXGroup section */
		0119089E26FC174500EDA793 /* RefrigeratorBucket */ = {
			isa = PBXGroup;
			children = (
				0119089A26FC173D00EDA793 /* RefrigeratorBucketModel.swift */,
			);
			path = RefrigeratorBucket;
			sourceTree = "<group>";
		};
		011908A326FC219400EDA793 /* PopupView */ = {
			isa = PBXGroup;
			children = (
				011908A426FC279800EDA793 /* PopupView.swift */,
				011908A826FC97DB00EDA793 /* PopupViewModifier.swift */,
				011908B026FCA52A00EDA793 /* RoundedCorner.swift */,
			);
			path = PopupView;
			sourceTree = "<group>";
		};
		011908B426FD079200EDA793 /* ReceiptView */ = {
			isa = PBXGroup;
			children = (
				011908BA26FD0C3700EDA793 /* ReceiptView.swift */,
				011908C226FD401500EDA793 /* ReceiptCell.swift */,
				011908CB26FD612600EDA793 /* ReceiptProductCell.swift */,
				011908D426FE4F1000EDA793 /* ReceiptScrew.swift */,
			);
			path = ReceiptView;
			sourceTree = "<group>";
		};
		011908B526FD097B00EDA793 /* ReceiptModel */ = {
			isa = PBXGroup;
			children = (
				011908B626FD099E00EDA793 /* ReceiptModel.swift */,
				011908BE26FD252A00EDA793 /* ReceiptItemModel.swift */,
			);
			path = ReceiptModel;
			sourceTree = "<group>";
		};
		011908C626FD4C5B00EDA793 /* DashLine */ = {
			isa = PBXGroup;
			children = (
				011908C726FD4C7800EDA793 /* DashLine.swift */,
			);
			path = DashLine;
			sourceTree = "<group>";
		};
		011908CF26FE4E9000EDA793 /* Knob */ = {
			isa = PBXGroup;
			children = (
				011908D026FE4E9A00EDA793 /* KnobView.swift */,
			);
			path = Knob;
			sourceTree = "<group>";
		};
		011908D826FE59FE00EDA793 /* RecyclerView */ = {
			isa = PBXGroup;
			children = (
				011908D926FE5A0900EDA793 /* RecyclerView.swift */,
			);
			path = RecyclerView;
			sourceTree = "<group>";
		};
		011908E126FEAB9F00EDA793 /* DockView */ = {
			isa = PBXGroup;
			children = (
				011908E226FEABAD00EDA793 /* DockView.swift */,
			);
			path = DockView;
			sourceTree = "<group>";
		};
		016F6C4826F48D4E0032B550 = {
			isa = PBXGroup;
			children = (
				016F6C5326F48D4E0032B550 /* Vegetory */,
				016F6C6526F48D4F0032B550 /* VegetoryTests */,
				016F6C7026F48D4F0032B550 /* VegetoryUITests */,
				016F6C5226F48D4E0032B550 /* Products */,
			);
			sourceTree = "<group>";
		};
		016F6C5226F48D4E0032B550 /* Products */ = {
			isa = PBXGroup;
			children = (
				016F6C5126F48D4E0032B550 /* Vegetory.app */,
				016F6C6226F48D4F0032B550 /* VegetoryTests.xctest */,
				016F6C6D26F48D4F0032B550 /* VegetoryUITests.xctest */,
			);
			name = Products;
			sourceTree = "<group>";
		};
		016F6C5326F48D4E0032B550 /* Vegetory */ = {
			isa = PBXGroup;
			children = (
				016F6CAE26F5281F0032B550 /* Extensions */,
				016F6C8B26F49AB30032B550 /* Fonts */,
				016F6C8526F4920C0032B550 /* VM */,
				016F6C8126F491C70032B550 /* Model */,
				016F6C7F26F491A00032B550 /* UI */,
				016F6C5426F48D4E0032B550 /* VegetoryApp.swift */,
				016F6C5626F48D4E0032B550 /* ContentView.swift */,
				016F6C5826F48D4F0032B550 /* Assets.xcassets */,
				016F6C5D26F48D4F0032B550 /* Info.plist */,
				016F6C5A26F48D4F0032B550 /* Preview Content */,
			);
			path = Vegetory;
			sourceTree = "<group>";
		};
		016F6C5A26F48D4F0032B550 /* Preview Content */ = {
			isa = PBXGroup;
			children = (
				016F6C5B26F48D4F0032B550 /* Preview Assets.xcassets */,
			);
			path = "Preview Content";
			sourceTree = "<group>";
		};
		016F6C6526F48D4F0032B550 /* VegetoryTests */ = {
			isa = PBXGroup;
			children = (
				016F6C6626F48D4F0032B550 /* VegetoryTests.swift */,
				016F6C6826F48D4F0032B550 /* Info.plist */,
			);
			path = VegetoryTests;
			sourceTree = "<group>";
		};
		016F6C7026F48D4F0032B550 /* VegetoryUITests */ = {
			isa = PBXGroup;
			children = (
				016F6C7126F48D4F0032B550 /* VegetoryUITests.swift */,
				016F6C7326F48D4F0032B550 /* Info.plist */,
			);
			path = VegetoryUITests;
			sourceTree = "<group>";
		};
		016F6C7F26F491A00032B550 /* UI */ = {
			isa = PBXGroup;
			children = (
				016F6CA926F4A6C90032B550 /* Views */,
				016F6C8026F491AF0032B550 /* CustomView */,
			);
			path = UI;
			sourceTree = "<group>";
		};
		016F6C8026F491AF0032B550 /* CustomView */ = {
			isa = PBXGroup;
			children = (
				011908E126FEAB9F00EDA793 /* DockView */,
				011908D826FE59FE00EDA793 /* RecyclerView */,
				011908CF26FE4E9000EDA793 /* Knob */,
				011908C626FD4C5B00EDA793 /* DashLine */,
				011908B426FD079200EDA793 /* ReceiptView */,
				011908A326FC219400EDA793 /* PopupView */,
				016F6CDE26F928B40032B550 /* Isometric */,
				016F6CD926F635430032B550 /* RefrigeratorView */,
				016F6CCD26F5E92F0032B550 /* NeumorphicView */,
				016F6CC326F5D1280032B550 /* GridView */,
				016F6CA426F4A5050032B550 /* BlurView */,
				016F6C8226F491D10032B550 /* TopBar */,
			);
			path = CustomView;
			sourceTree = "<group>";
		};
		016F6C8126F491C70032B550 /* Model */ = {
			isa = PBXGroup;
			children = (
				011908B526FD097B00EDA793 /* ReceiptModel */,
				0119089E26FC174500EDA793 /* RefrigeratorBucket */,
				016F6CC826F5D1590032B550 /* MainMenu */,
				016F6C8626F4924C0032B550 /* TopBar */,
			);
			path = Model;
			sourceTree = "<group>";
		};
		016F6C8226F491D10032B550 /* TopBar */ = {
			isa = PBXGroup;
			children = (
				016F6C8326F491F70032B550 /* TopBarView.swift */,
				016F6C8926F4982D0032B550 /* TopBarItem.swift */,
			);
			path = TopBar;
			sourceTree = "<group>";
		};
		016F6C8526F4920C0032B550 /* VM */ = {
			isa = PBXGroup;
			children = (
				016F6CB726F53D440032B550 /* MainViewVM.swift */,
			);
			path = VM;
			sourceTree = "<group>";
		};
		016F6C8626F4924C0032B550 /* TopBar */ = {
			isa = PBXGroup;
			children = (
				016F6C8726F492600032B550 /* TopBarModel.swift */,
			);
			path = TopBar;
			sourceTree = "<group>";
		};
		016F6C8B26F49AB30032B550 /* Fonts */ = {
			isa = PBXGroup;
			children = (
				016F6C9D26F49C7A0032B550 /* Eulyoo1945-Regular.otf */,
				016F6C9C26F49C7A0032B550 /* Eulyoo1945-SemiBold.otf */,
				016F6C9826F49C530032B550 /* ImcreSoojin_OTF.otf */,
				016F6C9026F49C390032B550 /* NotoSansKR-Bold.otf */,
				016F6C9126F49C390032B550 /* NotoSansKR-Medium.otf */,
				016F6C8C26F49B040032B550 /* KOTRA_BOLD.otf */,
			);
			path = Fonts;
			sourceTree = "<group>";
		};
		016F6CA426F4A5050032B550 /* BlurView */ = {
			isa = PBXGroup;
			children = (
				016F6CA526F4A5120032B550 /* Blurview.swift */,
			);
			path = BlurView;
			sourceTree = "<group>";
		};
		016F6CA926F4A6C90032B550 /* Views */ = {
			isa = PBXGroup;
			children = (
				016F6CD426F6218A0032B550 /* Profile */,
				016F6CD326F621820032B550 /* Post */,
				016F6CD226F621730032B550 /* Main */,
				016F6CAA26F4A7150032B550 /* WallPaperView.swift */,
			);
			path = Views;
			sourceTree = "<group>";
		};
		016F6CAE26F5281F0032B550 /* Extensions */ = {
			isa = PBXGroup;
			children = (
				016F6CAF26F5282B0032B550 /* ExtensionsString.swift */,
				016F6CB326F52EC50032B550 /* ExtensionList.swift */,
				016F6CBB26F544250032B550 /* ExtensionVM.swift */,
				016F6CBF26F5CDB50032B550 /* ExtensionsCGFloat.swift */,
				011908AC26FCA4C500EDA793 /* ExtensionsView.swift */,
				011908DD26FE90D900EDA793 /* ExtensionsDate.swift */,
			);
			path = Extensions;
			sourceTree = "<group>";
		};
		016F6CC326F5D1280032B550 /* GridView */ = {
			isa = PBXGroup;
			children = (
				016F6CC426F5D1450032B550 /* GridView.swift */,
			);
			path = GridView;
			sourceTree = "<group>";
		};
		016F6CC826F5D1590032B550 /* MainMenu */ = {
			isa = PBXGroup;
			children = (
				016F6CC926F5D2790032B550 /* MainMenuModel.swift */,
			);
			path = MainMenu;
			sourceTree = "<group>";
		};
		016F6CCD26F5E92F0032B550 /* NeumorphicView */ = {
			isa = PBXGroup;
			children = (
				016F6CCE26F5E9400032B550 /* NeumorphicView.swift */,
			);
			path = NeumorphicView;
			sourceTree = "<group>";
		};
		016F6CD226F621730032B550 /* Main */ = {
			isa = PBXGroup;
			children = (
				016F6CD526F621A00032B550 /* MainMenuView.swift */,
				0119089F26FC189500EDA793 /* MainView.swift */,
			);
			path = Main;
			sourceTree = "<group>";
		};
		016F6CD326F621820032B550 /* Post */ = {
			isa = PBXGroup;
			children = (
			);
			path = Post;
			sourceTree = "<group>";
		};
		016F6CD426F6218A0032B550 /* Profile */ = {
			isa = PBXGroup;
			children = (
			);
			path = Profile;
			sourceTree = "<group>";
		};
		016F6CD926F635430032B550 /* RefrigeratorView */ = {
			isa = PBXGroup;
			children = (
				016F6CDA26F635640032B550 /* RefrigeratorView.swift */,
				016F6CEB26FA15E70032B550 /* RefrigeratorDoorView.swift */,
				016F6CEF26FA16080032B550 /* RefrigeratorDoorType.swift */,
				016F6CF326FA5A930032B550 /* CubeExample.swift */,
				0119089626FC170400EDA793 /* RefrigeratorBucketView.swift */,
			);
			path = RefrigeratorView;
			sourceTree = "<group>";
		};
		016F6CDE26F928B40032B550 /* Isometric */ = {
			isa = PBXGroup;
			children = (
				016F6CDF26F9BE950032B550 /* IsometricViewModifier.swift */,
				016F6CE326F9BEEF0032B550 /* ExtrudeModifier.swift */,
				016F6CE726F9C2240032B550 /* IsometricView.swift */,
			);
			path = Isometric;
			sourceTree = "<group>";
		};
/* End PBXGroup section */

/* Begin PBXNativeTarget section */
		016F6C5026F48D4E0032B550 /* Vegetory */ = {
			isa = PBXNativeTarget;
			buildConfigurationList = 016F6C7626F48D4F0032B550 /* Build configuration list for PBXNativeTarget "Vegetory" */;
			buildPhases = (
				016F6C4D26F48D4E0032B550 /* Sources */,
				016F6C4E26F48D4E0032B550 /* Frameworks */,
				016F6C4F26F48D4E0032B550 /* Resources */,
			);
			buildRules = (
			);
			dependencies = (
			);
			name = Vegetory;
			productName = Vegetory;
			productReference = 016F6C5126F48D4E0032B550 /* Vegetory.app */;
			productType = "com.apple.product-type.application";
		};
		016F6C6126F48D4F0032B550 /* VegetoryTests */ = {
			isa = PBXNativeTarget;
			buildConfigurationList = 016F6C7926F48D4F0032B550 /* Build configuration list for PBXNativeTarget "VegetoryTests" */;
			buildPhases = (
				016F6C5E26F48D4F0032B550 /* Sources */,
				016F6C5F26F48D4F0032B550 /* Frameworks */,
				016F6C6026F48D4F0032B550 /* Resources */,
			);
			buildRules = (
			);
			dependencies = (
				016F6C6426F48D4F0032B550 /* PBXTargetDependency */,
			);
			name = VegetoryTests;
			productName = VegetoryTests;
			productReference = 016F6C6226F48D4F0032B550 /* VegetoryTests.xctest */;
			productType = "com.apple.product-type.bundle.unit-test";
		};
		016F6C6C26F48D4F0032B550 /* VegetoryUITests */ = {
			isa = PBXNativeTarget;
			buildConfigurationList = 016F6C7C26F48D4F0032B550 /* Build configuration list for PBXNativeTarget "VegetoryUITests" */;
			buildPhases = (
				016F6C6926F48D4F0032B550 /* Sources */,
				016F6C6A26F48D4F0032B550 /* Frameworks */,
				016F6C6B26F48D4F0032B550 /* Resources */,
			);
			buildRules = (
			);
			dependencies = (
				016F6C6F26F48D4F0032B550 /* PBXTargetDependency */,
			);
			name = VegetoryUITests;
			productName = VegetoryUITests;
			productReference = 016F6C6D26F48D4F0032B550 /* VegetoryUITests.xctest */;
			productType = "com.apple.product-type.bundle.ui-testing";
		};
/* End PBXNativeTarget section */

/* Begin PBXProject section */
		016F6C4926F48D4E0032B550 /* Project object */ = {
			isa = PBXProject;
			attributes = {
				LastSwiftUpdateCheck = 1250;
				LastUpgradeCheck = 1250;
				TargetAttributes = {
					016F6C5026F48D4E0032B550 = {
						CreatedOnToolsVersion = 12.5.1;
					};
					016F6C6126F48D4F0032B550 = {
						CreatedOnToolsVersion = 12.5.1;
						TestTargetID = 016F6C5026F48D4E0032B550;
					};
					016F6C6C26F48D4F0032B550 = {
						CreatedOnToolsVersion = 12.5.1;
						TestTargetID = 016F6C5026F48D4E0032B550;
					};
				};
			};
			buildConfigurationList = 016F6C4C26F48D4E0032B550 /* Build configuration list for PBXProject "Vegetory" */;
			compatibilityVersion = "Xcode 9.3";
			developmentRegion = en;
			hasScannedForEncodings = 0;
			knownRegions = (
				en,
				Base,
			);
			mainGroup = 016F6C4826F48D4E0032B550;
			productRefGroup = 016F6C5226F48D4E0032B550 /* Products */;
			projectDirPath = "";
			projectRoot = "";
			targets = (
				016F6C5026F48D4E0032B550 /* Vegetory */,
				016F6C6126F48D4F0032B550 /* VegetoryTests */,
				016F6C6C26F48D4F0032B550 /* VegetoryUITests */,
			);
		};
/* End PBXProject section */

/* Begin PBXResourcesBuildPhase section */
		016F6C4F26F48D4E0032B550 /* Resources */ = {
			isa = PBXResourcesBuildPhase;
			buildActionMask = 2147483647;
			files = (
				016F6C9926F49C530032B550 /* ImcreSoojin_OTF.otf in Resources */,
				016F6C5C26F48D4F0032B550 /* Preview Assets.xcassets in Resources */,
				016F6C8D26F49B040032B550 /* KOTRA_BOLD.otf in Resources */,
				016F6C9526F49C390032B550 /* NotoSansKR-Medium.otf in Resources */,
				016F6CA126F49C7A0032B550 /* Eulyoo1945-Regular.otf in Resources */,
				016F6C9226F49C390032B550 /* NotoSansKR-Bold.otf in Resources */,
				016F6C5926F48D4F0032B550 /* Assets.xcassets in Resources */,
				016F6C9E26F49C7A0032B550 /* Eulyoo1945-SemiBold.otf in Resources */,
			);
			runOnlyForDeploymentPostprocessing = 0;
		};
		016F6C6026F48D4F0032B550 /* Resources */ = {
			isa = PBXResourcesBuildPhase;
			buildActionMask = 2147483647;
			files = (
				016F6C9F26F49C7A0032B550 /* Eulyoo1945-SemiBold.otf in Resources */,
				016F6C9A26F49C530032B550 /* ImcreSoojin_OTF.otf in Resources */,
				016F6CA226F49C7A0032B550 /* Eulyoo1945-Regular.otf in Resources */,
				016F6C9626F49C390032B550 /* NotoSansKR-Medium.otf in Resources */,
				016F6C9326F49C390032B550 /* NotoSansKR-Bold.otf in Resources */,
				016F6C8E26F49B040032B550 /* KOTRA_BOLD.otf in Resources */,
			);
			runOnlyForDeploymentPostprocessing = 0;
		};
		016F6C6B26F48D4F0032B550 /* Resources */ = {
			isa = PBXResourcesBuildPhase;
			buildActionMask = 2147483647;
			files = (
				016F6CA026F49C7A0032B550 /* Eulyoo1945-SemiBold.otf in Resources */,
				016F6C9B26F49C530032B550 /* ImcreSoojin_OTF.otf in Resources */,
				016F6CA326F49C7A0032B550 /* Eulyoo1945-Regular.otf in Resources */,
				016F6C9726F49C390032B550 /* NotoSansKR-Medium.otf in Resources */,
				016F6C9426F49C390032B550 /* NotoSansKR-Bold.otf in Resources */,
				016F6C8F26F49B040032B550 /* KOTRA_BOLD.otf in Resources */,
			);
			runOnlyForDeploymentPostprocessing = 0;
		};
/* End PBXResourcesBuildPhase section */

/* Begin PBXSourcesBuildPhase section */
		016F6C4D26F48D4E0032B550 /* Sources */ = {
			isa = PBXSourcesBuildPhase;
			buildActionMask = 2147483647;
			files = (
				011908B726FD099E00EDA793 /* ReceiptModel.swift in Sources */,
				016F6C5726F48D4E0032B550 /* ContentView.swift in Sources */,
				011908A026FC189500EDA793 /* MainView.swift in Sources */,
				011908CC26FD612600EDA793 /* ReceiptProductCell.swift in Sources */,
				011908C826FD4C7800EDA793 /* DashLine.swift in Sources */,
				011908AD26FCA4C500EDA793 /* ExtensionsView.swift in Sources */,
				016F6CAB26F4A7150032B550 /* WallPaperView.swift in Sources */,
				016F6CD626F621A00032B550 /* MainMenuView.swift in Sources */,
				016F6CE026F9BE950032B550 /* IsometricViewModifier.swift in Sources */,
				016F6CC026F5CDB50032B550 /* ExtensionsCGFloat.swift in Sources */,
				016F6CC526F5D1450032B550 /* GridView.swift in Sources */,
				011908DE26FE90D900EDA793 /* ExtensionsDate.swift in Sources */,
				016F6CDB26F635640032B550 /* RefrigeratorView.swift in Sources */,
				016F6CF026FA16080032B550 /* RefrigeratorDoorType.swift in Sources */,
				011908A526FC279800EDA793 /* PopupView.swift in Sources */,
				016F6CB026F5282B0032B550 /* ExtensionsString.swift in Sources */,
				011908DA26FE5A0900EDA793 /* RecyclerView.swift in Sources */,
				011908B126FCA52A00EDA793 /* RoundedCorner.swift in Sources */,
				016F6CA626F4A5120032B550 /* Blurview.swift in Sources */,
				011908A926FC97DB00EDA793 /* PopupViewModifier.swift in Sources */,
				011908C326FD401500EDA793 /* ReceiptCell.swift in Sources */,
				016F6CB826F53D440032B550 /* MainViewVM.swift in Sources */,
				016F6C8826F492600032B550 /* TopBarModel.swift in Sources */,
				0119089726FC170400EDA793 /* RefrigeratorBucketView.swift in Sources */,
				011908BB26FD0C3700EDA793 /* ReceiptView.swift in Sources */,
				011908BF26FD252A00EDA793 /* ReceiptItemModel.swift in Sources */,
				016F6CE426F9BEEF0032B550 /* ExtrudeModifier.swift in Sources */,
				016F6CE826F9C2240032B550 /* IsometricView.swift in Sources */,
				016F6CF426FA5A930032B550 /* CubeExample.swift in Sources */,
				011908D126FE4E9A00EDA793 /* KnobView.swift in Sources */,
				016F6C8426F491F70032B550 /* TopBarView.swift in Sources */,
				016F6CCA26F5D2790032B550 /* MainMenuModel.swift in Sources */,
				016F6CBC26F544250032B550 /* ExtensionVM.swift in Sources */,
				011908D526FE4F1000EDA793 /* ReceiptScrew.swift in Sources */,
				016F6CB426F52EC50032B550 /* ExtensionList.swift in Sources */,
				016F6C5526F48D4E0032B550 /* VegetoryApp.swift in Sources */,
				0119089B26FC173D00EDA793 /* RefrigeratorBucketModel.swift in Sources */,
				016F6CEC26FA15E70032B550 /* RefrigeratorDoorView.swift in Sources */,
				011908E326FEABAD00EDA793 /* DockView.swift in Sources */,
				016F6CCF26F5E9400032B550 /* NeumorphicView.swift in Sources */,
				016F6C8A26F4982D0032B550 /* TopBarItem.swift in Sources */,
			);
			runOnlyForDeploymentPostprocessing = 0;
		};
		016F6C5E26F48D4F0032B550 /* Sources */ = {
			isa = PBXSourcesBuildPhase;
			buildActionMask = 2147483647;
			files = (
				016F6CB926F53D440032B550 /* MainViewVM.swift in Sources */,
				011908D226FE4E9A00EDA793 /* KnobView.swift in Sources */,
				011908B826FD099E00EDA793 /* ReceiptModel.swift in Sources */,
				016F6CE126F9BE950032B550 /* IsometricViewModifier.swift in Sources */,
				016F6C6726F48D4F0032B550 /* VegetoryTests.swift in Sources */,
				016F6CF126FA16080032B550 /* RefrigeratorDoorType.swift in Sources */,
				011908B226FCA52A00EDA793 /* RoundedCorner.swift in Sources */,
				011908DF26FE90D900EDA793 /* ExtensionsDate.swift in Sources */,
				0119089826FC170400EDA793 /* RefrigeratorBucketView.swift in Sources */,
				011908CD26FD612600EDA793 /* ReceiptProductCell.swift in Sources */,
				016F6CC126F5CDB50032B550 /* ExtensionsCGFloat.swift in Sources */,
				016F6CCB26F5D2790032B550 /* MainMenuModel.swift in Sources */,
				011908A126FC189500EDA793 /* MainView.swift in Sources */,
				016F6CF526FA5A930032B550 /* CubeExample.swift in Sources */,
				016F6CE526F9BEEF0032B550 /* ExtrudeModifier.swift in Sources */,
				016F6CED26FA15E70032B550 /* RefrigeratorDoorView.swift in Sources */,
				011908E426FEABAD00EDA793 /* DockView.swift in Sources */,
				011908C926FD4C7800EDA793 /* DashLine.swift in Sources */,
				011908AE26FCA4C500EDA793 /* ExtensionsView.swift in Sources */,
				016F6CDC26F635640032B550 /* RefrigeratorView.swift in Sources */,
				016F6CAC26F4A7150032B550 /* WallPaperView.swift in Sources */,
				016F6CE926F9C2240032B550 /* IsometricView.swift in Sources */,
				016F6CD026F5E9400032B550 /* NeumorphicView.swift in Sources */,
				011908DB26FE5A0900EDA793 /* RecyclerView.swift in Sources */,
				016F6CD726F621A00032B550 /* MainMenuView.swift in Sources */,
				011908AA26FC97DB00EDA793 /* PopupViewModifier.swift in Sources */,
				016F6CB126F5282B0032B550 /* ExtensionsString.swift in Sources */,
				011908C026FD252A00EDA793 /* ReceiptItemModel.swift in Sources */,
				016F6CB526F52EC50032B550 /* ExtensionList.swift in Sources */,
				016F6CA726F4A5120032B550 /* Blurview.swift in Sources */,
				016F6CC626F5D1450032B550 /* GridView.swift in Sources */,
				0119089C26FC173D00EDA793 /* RefrigeratorBucketModel.swift in Sources */,
				016F6CBD26F544250032B550 /* ExtensionVM.swift in Sources */,
				011908A626FC279800EDA793 /* PopupView.swift in Sources */,
				011908C426FD401500EDA793 /* ReceiptCell.swift in Sources */,
				011908BC26FD0C3700EDA793 /* ReceiptView.swift in Sources */,
				011908D626FE4F1000EDA793 /* ReceiptScrew.swift in Sources */,
			);
			runOnlyForDeploymentPostprocessing = 0;
		};
		016F6C6926F48D4F0032B550 /* Sources */ = {
			isa = PBXSourcesBuildPhase;
			buildActionMask = 2147483647;
			files = (
				016F6CBA26F53D440032B550 /* MainViewVM.swift in Sources */,
				011908D326FE4E9A00EDA793 /* KnobView.swift in Sources */,
				011908B926FD099E00EDA793 /* ReceiptModel.swift in Sources */,
				016F6CE226F9BE950032B550 /* IsometricViewModifier.swift in Sources */,
				016F6C7226F48D4F0032B550 /* VegetoryUITests.swift in Sources */,
				016F6CF226FA16080032B550 /* RefrigeratorDoorType.swift in Sources */,
				011908B326FCA52A00EDA793 /* RoundedCorner.swift in Sources */,
				011908E026FE90D900EDA793 /* ExtensionsDate.swift in Sources */,
				0119089926FC170400EDA793 /* RefrigeratorBucketView.swift in Sources */,
				011908CE26FD612600EDA793 /* ReceiptProductCell.swift in Sources */,
				016F6CC226F5CDB50032B550 /* ExtensionsCGFloat.swift in Sources */,
				016F6CCC26F5D2790032B550 /* MainMenuModel.swift in Sources */,
				011908A226FC189500EDA793 /* MainView.swift in Sources */,
				016F6CF626FA5A930032B550 /* CubeExample.swift in Sources */,
				016F6CE626F9BEEF0032B550 /* ExtrudeModifier.swift in Sources */,
				016F6CEE26FA15E70032B550 /* RefrigeratorDoorView.swift in Sources */,
				011908E526FEABAD00EDA793 /* DockView.swift in Sources */,
				011908CA26FD4C7800EDA793 /* DashLine.swift in Sources */,
				011908AF26FCA4C500EDA793 /* ExtensionsView.swift in Sources */,
				016F6CDD26F635640032B550 /* RefrigeratorView.swift in Sources */,
				016F6CAD26F4A7150032B550 /* WallPaperView.swift in Sources */,
				016F6CEA26F9C2240032B550 /* IsometricView.swift in Sources */,
				016F6CD126F5E9400032B550 /* NeumorphicView.swift in Sources */,
				011908DC26FE5A0900EDA793 /* RecyclerView.swift in Sources */,
				016F6CD826F621A00032B550 /* MainMenuView.swift in Sources */,
				011908AB26FC97DB00EDA793 /* PopupViewModifier.swift in Sources */,
				016F6CB226F5282B0032B550 /* ExtensionsString.swift in Sources */,
				011908C126FD252A00EDA793 /* ReceiptItemModel.swift in Sources */,
				016F6CB626F52EC50032B550 /* ExtensionList.swift in Sources */,
				016F6CA826F4A5120032B550 /* Blurview.swift in Sources */,
				016F6CC726F5D1450032B550 /* GridView.swift in Sources */,
				0119089D26FC173D00EDA793 /* RefrigeratorBucketModel.swift in Sources */,
				016F6CBE26F544250032B550 /* ExtensionVM.swift in Sources */,
				011908A726FC279800EDA793 /* PopupView.swift in Sources */,
				011908C526FD401500EDA793 /* ReceiptCell.swift in Sources */,
				011908BD26FD0C3700EDA793 /* ReceiptView.swift in Sources */,
				011908D726FE4F1000EDA793 /* ReceiptScrew.swift in Sources */,
			);
			runOnlyForDeploymentPostprocessing = 0;
		};
/* End PBXSourcesBuildPhase section */

/* Begin PBXTargetDependency section */
		016F6C6426F48D4F0032B550 /* PBXTargetDependency */ = {
			isa = PBXTargetDependency;
			target = 016F6C5026F48D4E0032B550 /* Vegetory */;
			targetProxy = 016F6C6326F48D4F0032B550 /* PBXContainerItemProxy */;
		};
		016F6C6F26F48D4F0032B550 /* PBXTargetDependency */ = {
			isa = PBXTargetDependency;
			target = 016F6C5026F48D4E0032B550 /* Vegetory */;
			targetProxy = 016F6C6E26F48D4F0032B550 /* PBXContainerItemProxy */;
		};
/* End PBXTargetDependency section */

/* Begin XCBuildConfiguration section */
		016F6C7426F48D4F0032B550 /* Debug */ = {
			isa = XCBuildConfiguration;
			buildSettings = {
				ALWAYS_SEARCH_USER_PATHS = NO;
				CLANG_ANALYZER_NONNULL = YES;
				CLANG_ANALYZER_NUMBER_OBJECT_CONVERSION = YES_AGGRESSIVE;
				CLANG_CXX_LANGUAGE_STANDARD = "gnu++14";
				CLANG_CXX_LIBRARY = "libc++";
				CLANG_ENABLE_MODULES = YES;
				CLANG_ENABLE_OBJC_ARC = YES;
				CLANG_ENABLE_OBJC_WEAK = YES;
				CLANG_WARN_BLOCK_CAPTURE_AUTORELEASING = YES;
				CLANG_WARN_BOOL_CONVERSION = YES;
				CLANG_WARN_COMMA = YES;
				CLANG_WARN_CONSTANT_CONVERSION = YES;
				CLANG_WARN_DEPRECATED_OBJC_IMPLEMENTATIONS = YES;
				CLANG_WARN_DIRECT_OBJC_ISA_USAGE = YES_ERROR;
				CLANG_WARN_DOCUMENTATION_COMMENTS = YES;
				CLANG_WARN_EMPTY_BODY = YES;
				CLANG_WARN_ENUM_CONVERSION = YES;
				CLANG_WARN_INFINITE_RECURSION = YES;
				CLANG_WARN_INT_CONVERSION = YES;
				CLANG_WARN_NON_LITERAL_NULL_CONVERSION = YES;
				CLANG_WARN_OBJC_IMPLICIT_RETAIN_SELF = YES;
				CLANG_WARN_OBJC_LITERAL_CONVERSION = YES;
				CLANG_WARN_OBJC_ROOT_CLASS = YES_ERROR;
				CLANG_WARN_QUOTED_INCLUDE_IN_FRAMEWORK_HEADER = YES;
				CLANG_WARN_RANGE_LOOP_ANALYSIS = YES;
				CLANG_WARN_STRICT_PROTOTYPES = YES;
				CLANG_WARN_SUSPICIOUS_MOVE = YES;
				CLANG_WARN_UNGUARDED_AVAILABILITY = YES_AGGRESSIVE;
				CLANG_WARN_UNREACHABLE_CODE = YES;
				CLANG_WARN__DUPLICATE_METHOD_MATCH = YES;
				COPY_PHASE_STRIP = NO;
				DEBUG_INFORMATION_FORMAT = dwarf;
				ENABLE_STRICT_OBJC_MSGSEND = YES;
				ENABLE_TESTABILITY = YES;
				GCC_C_LANGUAGE_STANDARD = gnu11;
				GCC_DYNAMIC_NO_PIC = NO;
				GCC_NO_COMMON_BLOCKS = YES;
				GCC_OPTIMIZATION_LEVEL = 0;
				GCC_PREPROCESSOR_DEFINITIONS = (
					"DEBUG=1",
					"$(inherited)",
				);
				GCC_WARN_64_TO_32_BIT_CONVERSION = YES;
				GCC_WARN_ABOUT_RETURN_TYPE = YES_ERROR;
				GCC_WARN_UNDECLARED_SELECTOR = YES;
				GCC_WARN_UNINITIALIZED_AUTOS = YES_AGGRESSIVE;
				GCC_WARN_UNUSED_FUNCTION = YES;
				GCC_WARN_UNUSED_VARIABLE = YES;
				IPHONEOS_DEPLOYMENT_TARGET = 14.5;
				MTL_ENABLE_DEBUG_INFO = INCLUDE_SOURCE;
				MTL_FAST_MATH = YES;
				ONLY_ACTIVE_ARCH = YES;
				SDKROOT = iphoneos;
				SWIFT_ACTIVE_COMPILATION_CONDITIONS = DEBUG;
				SWIFT_OPTIMIZATION_LEVEL = "-Onone";
			};
			name = Debug;
		};
		016F6C7526F48D4F0032B550 /* Release */ = {
			isa = XCBuildConfiguration;
			buildSettings = {
				ALWAYS_SEARCH_USER_PATHS = NO;
				CLANG_ANALYZER_NONNULL = YES;
				CLANG_ANALYZER_NUMBER_OBJECT_CONVERSION = YES_AGGRESSIVE;
				CLANG_CXX_LANGUAGE_STANDARD = "gnu++14";
				CLANG_CXX_LIBRARY = "libc++";
				CLANG_ENABLE_MODULES = YES;
				CLANG_ENABLE_OBJC_ARC = YES;
				CLANG_ENABLE_OBJC_WEAK = YES;
				CLANG_WARN_BLOCK_CAPTURE_AUTORELEASING = YES;
				CLANG_WARN_BOOL_CONVERSION = YES;
				CLANG_WARN_COMMA = YES;
				CLANG_WARN_CONSTANT_CONVERSION = YES;
				CLANG_WARN_DEPRECATED_OBJC_IMPLEMENTATIONS = YES;
				CLANG_WARN_DIRECT_OBJC_ISA_USAGE = YES_ERROR;
				CLANG_WARN_DOCUMENTATION_COMMENTS = YES;
				CLANG_WARN_EMPTY_BODY = YES;
				CLANG_WARN_ENUM_CONVERSION = YES;
				CLANG_WARN_INFINITE_RECURSION = YES;
				CLANG_WARN_INT_CONVERSION = YES;
				CLANG_WARN_NON_LITERAL_NULL_CONVERSION = YES;
				CLANG_WARN_OBJC_IMPLICIT_RETAIN_SELF = YES;
				CLANG_WARN_OBJC_LITERAL_CONVERSION = YES;
				CLANG_WARN_OBJC_ROOT_CLASS = YES_ERROR;
				CLANG_WARN_QUOTED_INCLUDE_IN_FRAMEWORK_HEADER = YES;
				CLANG_WARN_RANGE_LOOP_ANALYSIS = YES;
				CLANG_WARN_STRICT_PROTOTYPES = YES;
				CLANG_WARN_SUSPICIOUS_MOVE = YES;
				CLANG_WARN_UNGUARDED_AVAILABILITY = YES_AGGRESSIVE;
				CLANG_WARN_UNREACHABLE_CODE = YES;
				CLANG_WARN__DUPLICATE_METHOD_MATCH = YES;
				COPY_PHASE_STRIP = NO;
				DEBUG_INFORMATION_FORMAT = "dwarf-with-dsym";
				ENABLE_NS_ASSERTIONS = NO;
				ENABLE_STRICT_OBJC_MSGSEND = YES;
				GCC_C_LANGUAGE_STANDARD = gnu11;
				GCC_NO_COMMON_BLOCKS = YES;
				GCC_WARN_64_TO_32_BIT_CONVERSION = YES;
				GCC_WARN_ABOUT_RETURN_TYPE = YES_ERROR;
				GCC_WARN_UNDECLARED_SELECTOR = YES;
				GCC_WARN_UNINITIALIZED_AUTOS = YES_AGGRESSIVE;
				GCC_WARN_UNUSED_FUNCTION = YES;
				GCC_WARN_UNUSED_VARIABLE = YES;
				IPHONEOS_DEPLOYMENT_TARGET = 14.5;
				MTL_ENABLE_DEBUG_INFO = NO;
				MTL_FAST_MATH = YES;
				SDKROOT = iphoneos;
				SWIFT_COMPILATION_MODE = wholemodule;
				SWIFT_OPTIMIZATION_LEVEL = "-O";
				VALIDATE_PRODUCT = YES;
			};
			name = Release;
		};
		016F6C7726F48D4F0032B550 /* Debug */ = {
			isa = XCBuildConfiguration;
			buildSettings = {
				ASSETCATALOG_COMPILER_APPICON_NAME = AppIcon;
				ASSETCATALOG_COMPILER_GLOBAL_ACCENT_COLOR_NAME = AccentColor;
				CODE_SIGN_STYLE = Automatic;
				DEVELOPMENT_ASSET_PATHS = "\"Vegetory/Preview Content\"";
				ENABLE_PREVIEWS = YES;
				INFOPLIST_FILE = Vegetory/Info.plist;
				IPHONEOS_DEPLOYMENT_TARGET = 14.0;
				LD_RUNPATH_SEARCH_PATHS = (
					"$(inherited)",
					"@executable_path/Frameworks",
				);
				PRODUCT_BUNDLE_IDENTIFIER = com.cavss.Vegetory;
				PRODUCT_NAME = "$(TARGET_NAME)";
				SWIFT_VERSION = 5.0;
				TARGETED_DEVICE_FAMILY = "1,2";
			};
			name = Debug;
		};
		016F6C7826F48D4F0032B550 /* Release */ = {
			isa = XCBuildConfiguration;
			buildSettings = {
				ASSETCATALOG_COMPILER_APPICON_NAME = AppIcon;
				ASSETCATALOG_COMPILER_GLOBAL_ACCENT_COLOR_NAME = AccentColor;
				CODE_SIGN_STYLE = Automatic;
				DEVELOPMENT_ASSET_PATHS = "\"Vegetory/Preview Content\"";
				ENABLE_PREVIEWS = YES;
				INFOPLIST_FILE = Vegetory/Info.plist;
				IPHONEOS_DEPLOYMENT_TARGET = 14.0;
				LD_RUNPATH_SEARCH_PATHS = (
					"$(inherited)",
					"@executable_path/Frameworks",
				);
				PRODUCT_BUNDLE_IDENTIFIER = com.cavss.Vegetory;
				PRODUCT_NAME = "$(TARGET_NAME)";
				SWIFT_VERSION = 5.0;
				TARGETED_DEVICE_FAMILY = "1,2";
			};
			name = Release;
		};
		016F6C7A26F48D4F0032B550 /* Debug */ = {
			isa = XCBuildConfiguration;
			buildSettings = {
				ALWAYS_EMBED_SWIFT_STANDARD_LIBRARIES = YES;
				BUNDLE_LOADER = "$(TEST_HOST)";
				CODE_SIGN_STYLE = Automatic;
				INFOPLIST_FILE = VegetoryTests/Info.plist;
				IPHONEOS_DEPLOYMENT_TARGET = 14.0;
				LD_RUNPATH_SEARCH_PATHS = (
					"$(inherited)",
					"@executable_path/Frameworks",
					"@loader_path/Frameworks",
				);
				PRODUCT_BUNDLE_IDENTIFIER = com.cavss.VegetoryTests;
				PRODUCT_NAME = "$(TARGET_NAME)";
				SWIFT_VERSION = 5.0;
				TARGETED_DEVICE_FAMILY = "1,2";
				TEST_HOST = "$(BUILT_PRODUCTS_DIR)/Vegetory.app/Vegetory";
			};
			name = Debug;
		};
		016F6C7B26F48D4F0032B550 /* Release */ = {
			isa = XCBuildConfiguration;
			buildSettings = {
				ALWAYS_EMBED_SWIFT_STANDARD_LIBRARIES = YES;
				BUNDLE_LOADER = "$(TEST_HOST)";
				CODE_SIGN_STYLE = Automatic;
				INFOPLIST_FILE = VegetoryTests/Info.plist;
				IPHONEOS_DEPLOYMENT_TARGET = 14.0;
				LD_RUNPATH_SEARCH_PATHS = (
					"$(inherited)",
					"@executable_path/Frameworks",
					"@loader_path/Frameworks",
				);
				PRODUCT_BUNDLE_IDENTIFIER = com.cavss.VegetoryTests;
				PRODUCT_NAME = "$(TARGET_NAME)";
				SWIFT_VERSION = 5.0;
				TARGETED_DEVICE_FAMILY = "1,2";
				TEST_HOST = "$(BUILT_PRODUCTS_DIR)/Vegetory.app/Vegetory";
			};
			name = Release;
		};
		016F6C7D26F48D4F0032B550 /* Debug */ = {
			isa = XCBuildConfiguration;
			buildSettings = {
				ALWAYS_EMBED_SWIFT_STANDARD_LIBRARIES = YES;
				CODE_SIGN_STYLE = Automatic;
				INFOPLIST_FILE = VegetoryUITests/Info.plist;
				LD_RUNPATH_SEARCH_PATHS = (
					"$(inherited)",
					"@executable_path/Frameworks",
					"@loader_path/Frameworks",
				);
				PRODUCT_BUNDLE_IDENTIFIER = com.cavss.VegetoryUITests;
				PRODUCT_NAME = "$(TARGET_NAME)";
				SWIFT_VERSION = 5.0;
				TARGETED_DEVICE_FAMILY = "1,2";
				TEST_TARGET_NAME = Vegetory;
			};
			name = Debug;
		};
		016F6C7E26F48D4F0032B550 /* Release */ = {
			isa = XCBuildConfiguration;
			buildSettings = {
				ALWAYS_EMBED_SWIFT_STANDARD_LIBRARIES = YES;
				CODE_SIGN_STYLE = Automatic;
				INFOPLIST_FILE = VegetoryUITests/Info.plist;
				LD_RUNPATH_SEARCH_PATHS = (
					"$(inherited)",
					"@executable_path/Frameworks",
					"@loader_path/Frameworks",
				);
				PRODUCT_BUNDLE_IDENTIFIER = com.cavss.VegetoryUITests;
				PRODUCT_NAME = "$(TARGET_NAME)";
				SWIFT_VERSION = 5.0;
				TARGETED_DEVICE_FAMILY = "1,2";
				TEST_TARGET_NAME = Vegetory;
			};
			name = Release;
		};
/* End XCBuildConfiguration section */

/* Begin XCConfigurationList section */
		016F6C4C26F48D4E0032B550 /* Build configuration list for PBXProject "Vegetory" */ = {
			isa = XCConfigurationList;
			buildConfigurations = (
				016F6C7426F48D4F0032B550 /* Debug */,
				016F6C7526F48D4F0032B550 /* Release */,
			);
			defaultConfigurationIsVisible = 0;
			defaultConfigurationName = Release;
		};
		016F6C7626F48D4F0032B550 /* Build configuration list for PBXNativeTarget "Vegetory" */ = {
			isa = XCConfigurationList;
			buildConfigurations = (
				016F6C7726F48D4F0032B550 /* Debug */,
				016F6C7826F48D4F0032B550 /* Release */,
			);
			defaultConfigurationIsVisible = 0;
			defaultConfigurationName = Release;
		};
		016F6C7926F48D4F0032B550 /* Build configuration list for PBXNativeTarget "VegetoryTests" */ = {
			isa = XCConfigurationList;
			buildConfigurations = (
				016F6C7A26F48D4F0032B550 /* Debug */,
				016F6C7B26F48D4F0032B550 /* Release */,
			);
			defaultConfigurationIsVisible = 0;
			defaultConfigurationName = Release;
		};
		016F6C7C26F48D4F0032B550 /* Build configuration list for PBXNativeTarget "VegetoryUITests" */ = {
			isa = XCConfigurationList;
			buildConfigurations = (
				016F6C7D26F48D4F0032B550 /* Debug */,
				016F6C7E26F48D4F0032B550 /* Release */,
			);
			defaultConfigurationIsVisible = 0;
			defaultConfigurationName = Release;
		};
/* End XCConfigurationList section */
	};
	rootObject = 016F6C4926F48D4E0032B550 /* Project object */;
}
